
Microsoft Visual Studio Solution File, Format Version 12.00
# Visual Studio 15
VisualStudioVersion = 15.0.27703.2035
MinimumVisualStudioVersion = 10.0.40219.1
Project("{FAE04EC0-301F-11D3-BF4B-00C04F79EFBC}") = "FindElementInRotatedArray-SinglePass", "FindElementInRotatedArray-SinglePass\FindElementInRotatedArray-SinglePass.csproj", "{32990220-31B9-4700-A016-338034F90BA9}"
EndProject
Global
	GlobalSection(SolutionConfigurationPlatforms) = preSolution
		Debug|Any CPU = Debug|Any CPU
		Release|Any CPU = Release|Any CPU
	EndGlobalSection
	GlobalSection(ProjectConfigurationPlatforms) = postSolution
		{32990220-31B9-4700-A016-338034F90BA9}.Debug|Any CPU.ActiveCfg = Debug|Any CPU
		{32990220-31B9-4700-A016-338034F90BA9}.Debug|Any CPU.Build.0 = Debug|Any CPU
		{32990220-31B9-4700-A016-338034F90BA9}.Release|Any CPU.ActiveCfg = Release|Any CPU
		{32990220-31B9-4700-A016-338034F90BA9}.Release|Any CPU.Build.0 = Release|Any CPU
	EndGlobalSection
	GlobalSection(SolutionProperties) = preSolution
		HideSolutionNode = FALSE
	EndGlobalSection
	GlobalSection(ExtensibilityGlobals) = postSolution
		SolutionGuid = {856BBB04-ABF0-4F70-8D6C-63603FE18A44}
	EndGlobalSection
EndGlobal
